
Microsoft Visual Studio Solution File, Format Version 12.00
# Visual Studio 15
VisualStudioVersion = 15.0.28307.136
MinimumVisualStudioVersion = 10.0.40219.1
Project("{FAE04EC0-301F-11D3-BF4B-00C04F79EFBC}") = "OptField", "OptField\OptField.csproj", "{0180154D-E0E4-49AB-8C13-50675F3CE19A}"
EndProject
Project("{FAE04EC0-301F-11D3-BF4B-00C04F79EFBC}") = "OptFieldsTests", "OptFieldsTests\OptFieldsTests.csproj", "{1AF15865-96D0-4301-826F-F1E6B413E48F}"
EndProject
Global
	GlobalSection(SolutionConfigurationPlatforms) = preSolution
		Debug|Any CPU = Debug|Any CPU
		Release|Any CPU = Release|Any CPU
	EndGlobalSection
	GlobalSection(ProjectConfigurationPlatforms) = postSolution
		{0180154D-E0E4-49AB-8C13-50675F3CE19A}.Debug|Any CPU.ActiveCfg = Debug|Any CPU
		{0180154D-E0E4-49AB-8C13-50675F3CE19A}.Debug|Any CPU.Build.0 = Debug|Any CPU
		{0180154D-E0E4-49AB-8C13-50675F3CE19A}.Release|Any CPU.ActiveCfg = Release|Any CPU
		{0180154D-E0E4-49AB-8C13-50675F3CE19A}.Release|Any CPU.Build.0 = Release|Any CPU
		{1AF15865-96D0-4301-826F-F1E6B413E48F}.Debug|Any CPU.ActiveCfg = Debug|Any CPU
		{1AF15865-96D0-4301-826F-F1E6B413E48F}.Debug|Any CPU.Build.0 = Debug|Any CPU
		{1AF15865-96D0-4301-826F-F1E6B413E48F}.Release|Any CPU.ActiveCfg = Release|Any CPU
		{1AF15865-96D0-4301-826F-F1E6B413E48F}.Release|Any CPU.Build.0 = Release|Any CPU
	EndGlobalSection
	GlobalSection(SolutionProperties) = preSolution
		HideSolutionNode = FALSE
	EndGlobalSection
	GlobalSection(ExtensibilityGlobals) = postSolution
		SolutionGuid = {FE33385D-FC1C-493F-B70E-BBE4A49F0BA5}
	EndGlobalSection
EndGlobal
